# This file is automatically @generated by Poetry and should not be changed by hand.

[[package]]
name = "abbrev"
version = "1.0.1"
description = "A dictionary that allows abbreviations"
category = "main"
optional = false
python-versions = "*"
files = [
    {file = "abbrev-1.0.1-py3-none-any.whl", hash = "sha256:3f1d62f9592189d8b2590dac176675e15591cefeb4342154f7767f7113f81bff"},
    {file = "abbrev-1.0.1.tar.gz", hash = "sha256:62f4f63cf84ac638ec6f383e118b511a3a9642886dafc8d97515975f858b77b6"},
]

[metadata]
lock-version = "2.0"
python-versions = "^3.10"
content-hash = "ef946f49bacd481ee4e7db600f9985c3dc95ff85a5525339c4fbc94fc1ecf7d9"
